
Microsoft Visual Studio Solution File, Format Version 12.00
# Visual Studio Version 17
VisualStudioVersion = 17.9.34622.214
MinimumVisualStudioVersion = 10.0.40219.1
Project("{FAE04EC0-301F-11D3-BF4B-00C04F79EFBC}") = "SolutionCards.Server", "SolutionCards.Server\SolutionCards.Server.csproj", "{578DFC1B-6A50-4715-AD6D-2926893B815B}"
EndProject
Project("{54A90642-561A-4BB1-A94E-469ADEE60C69}") = "solutioncards.client", "solutioncards.client\solutioncards.client.esproj", "{C2275044-3F55-4456-808D-C6B3E73AEC07}"
EndProject
Global
	GlobalSection(SolutionConfigurationPlatforms) = preSolution
		Debug|Any CPU = Debug|Any CPU
		Release|Any CPU = Release|Any CPU
	EndGlobalSection
	GlobalSection(ProjectConfigurationPlatforms) = postSolution
		{578DFC1B-6A50-4715-AD6D-2926893B815B}.Debug|Any CPU.ActiveCfg = Debug|Any CPU
		{578DFC1B-6A50-4715-AD6D-2926893B815B}.Debug|Any CPU.Build.0 = Debug|Any CPU
		{578DFC1B-6A50-4715-AD6D-2926893B815B}.Release|Any CPU.ActiveCfg = Release|Any CPU
		{578DFC1B-6A50-4715-AD6D-2926893B815B}.Release|Any CPU.Build.0 = Release|Any CPU
		{C2275044-3F55-4456-808D-C6B3E73AEC07}.Debug|Any CPU.ActiveCfg = Debug|Any CPU
		{C2275044-3F55-4456-808D-C6B3E73AEC07}.Debug|Any CPU.Build.0 = Debug|Any CPU
		{C2275044-3F55-4456-808D-C6B3E73AEC07}.Debug|Any CPU.Deploy.0 = Debug|Any CPU
		{C2275044-3F55-4456-808D-C6B3E73AEC07}.Release|Any CPU.ActiveCfg = Release|Any CPU
		{C2275044-3F55-4456-808D-C6B3E73AEC07}.Release|Any CPU.Build.0 = Release|Any CPU
		{C2275044-3F55-4456-808D-C6B3E73AEC07}.Release|Any CPU.Deploy.0 = Release|Any CPU
	EndGlobalSection
	GlobalSection(SolutionProperties) = preSolution
		HideSolutionNode = FALSE
	EndGlobalSection
	GlobalSection(ExtensibilityGlobals) = postSolution
		SolutionGuid = {AA2C2F9C-9C0D-4D32-8C30-B37FC3EAFA56}
	EndGlobalSection
EndGlobal
